
Microsoft Visual Studio Solution File, Format Version 12.00
# Visual Studio Version 17
VisualStudioVersion = 17.11.35327.3
MinimumVisualStudioVersion = 10.0.40219.1
Project("{FAE04EC0-301F-11D3-BF4B-00C04F79EFBC}") = "FunctionalResult", "FunctionalResult\FunctionalResult.csproj", "{823D4D17-9238-40A3-8DB2-BD07797B8A15}"
EndProject
Global
	GlobalSection(SolutionConfigurationPlatforms) = preSolution
		Debug|Any CPU = Debug|Any CPU
		Release|Any CPU = Release|Any CPU
	EndGlobalSection
	GlobalSection(ProjectConfigurationPlatforms) = postSolution
		{823D4D17-9238-40A3-8DB2-BD07797B8A15}.Debug|Any CPU.ActiveCfg = Debug|Any CPU
		{823D4D17-9238-40A3-8DB2-BD07797B8A15}.Debug|Any CPU.Build.0 = Debug|Any CPU
		{823D4D17-9238-40A3-8DB2-BD07797B8A15}.Release|Any CPU.ActiveCfg = Release|Any CPU
		{823D4D17-9238-40A3-8DB2-BD07797B8A15}.Release|Any CPU.Build.0 = Release|Any CPU
	EndGlobalSection
	GlobalSection(SolutionProperties) = preSolution
		HideSolutionNode = FALSE
	EndGlobalSection
	GlobalSection(ExtensibilityGlobals) = postSolution
		SolutionGuid = {83980328-5CE1-4AFF-BE07-3F9632523575}
	EndGlobalSection
EndGlobal
